{
  "requires": true,
  "lockfileVersion": 1,
  "dependencies": {
    "chai-webdriverio": {
      "version": "1.0.0",
      "resolved": "https://registry.npmjs.org/chai-webdriverio/-/chai-webdriverio-1.0.0.tgz",
      "integrity": "sha512-43tFrdJPDmH+z0Wpl8k6nySSiA7+sJ+CUVkRD9fYPUWaYJbt7mP0BmVJbr3/IPQnFfz2sKWm3rpI1/kJn6ZV9g=="
    }
  }
}
